
Microsoft Visual Studio Solution File, Format Version 12.00
# Visual Studio 2012
Project("{FAE04EC0-301F-11D3-BF4B-00C04F79EFBC}") = "Labyrinthe", "Labyrinthe\Labyrinthe.csproj", "{57DD2BCE-58AE-43D4-807B-B0C4066EC51B}"
EndProject
Global
	GlobalSection(SolutionConfigurationPlatforms) = preSolution
		Debug|Any CPU = Debug|Any CPU
		Release|Any CPU = Release|Any CPU
	EndGlobalSection
	GlobalSection(ProjectConfigurationPlatforms) = postSolution
		{57DD2BCE-58AE-43D4-807B-B0C4066EC51B}.Debug|Any CPU.ActiveCfg = Debug|Any CPU
		{57DD2BCE-58AE-43D4-807B-B0C4066EC51B}.Debug|Any CPU.Build.0 = Debug|Any CPU
		{57DD2BCE-58AE-43D4-807B-B0C4066EC51B}.Release|Any CPU.ActiveCfg = Release|Any CPU
		{57DD2BCE-58AE-43D4-807B-B0C4066EC51B}.Release|Any CPU.Build.0 = Release|Any CPU
	EndGlobalSection
	GlobalSection(SolutionProperties) = preSolution
		HideSolutionNode = FALSE
	EndGlobalSection
EndGlobal
